
Microsoft Visual Studio Solution File, Format Version 12.00
# Visual Studio 15
VisualStudioVersion = 15.0.27703.2035
MinimumVisualStudioVersion = 10.0.40219.1
Project("{FAE04EC0-301F-11D3-BF4B-00C04F79EFBC}") = "BlazorTests.Server", "BlazorTests.Server\BlazorTests.Server.csproj", "{D4711A89-8577-4345-B77F-9A5E62331F5D}"
EndProject
Project("{FAE04EC0-301F-11D3-BF4B-00C04F79EFBC}") = "BlazorTests.Client", "BlazorTests.Client\BlazorTests.Client.csproj", "{E6045CBF-6132-427A-85CE-3416E57CFB0B}"
EndProject
Project("{FAE04EC0-301F-11D3-BF4B-00C04F79EFBC}") = "BlazorTests.Shared", "BlazorTests.Shared\BlazorTests.Shared.csproj", "{587E1698-8225-4F9E-88AB-D5F73B43E102}"
EndProject
Global
	GlobalSection(SolutionConfigurationPlatforms) = preSolution
		Debug|Any CPU = Debug|Any CPU
		Release|Any CPU = Release|Any CPU
	EndGlobalSection
	GlobalSection(ProjectConfigurationPlatforms) = postSolution
		{D4711A89-8577-4345-B77F-9A5E62331F5D}.Debug|Any CPU.ActiveCfg = Debug|Any CPU
		{D4711A89-8577-4345-B77F-9A5E62331F5D}.Debug|Any CPU.Build.0 = Debug|Any CPU
		{D4711A89-8577-4345-B77F-9A5E62331F5D}.Release|Any CPU.ActiveCfg = Release|Any CPU
		{D4711A89-8577-4345-B77F-9A5E62331F5D}.Release|Any CPU.Build.0 = Release|Any CPU
		{E6045CBF-6132-427A-85CE-3416E57CFB0B}.Debug|Any CPU.ActiveCfg = Debug|Any CPU
		{E6045CBF-6132-427A-85CE-3416E57CFB0B}.Debug|Any CPU.Build.0 = Debug|Any CPU
		{E6045CBF-6132-427A-85CE-3416E57CFB0B}.Release|Any CPU.ActiveCfg = Release|Any CPU
		{E6045CBF-6132-427A-85CE-3416E57CFB0B}.Release|Any CPU.Build.0 = Release|Any CPU
		{587E1698-8225-4F9E-88AB-D5F73B43E102}.Debug|Any CPU.ActiveCfg = Debug|Any CPU
		{587E1698-8225-4F9E-88AB-D5F73B43E102}.Debug|Any CPU.Build.0 = Debug|Any CPU
		{587E1698-8225-4F9E-88AB-D5F73B43E102}.Release|Any CPU.ActiveCfg = Release|Any CPU
		{587E1698-8225-4F9E-88AB-D5F73B43E102}.Release|Any CPU.Build.0 = Release|Any CPU
	EndGlobalSection
	GlobalSection(SolutionProperties) = preSolution
		HideSolutionNode = FALSE
	EndGlobalSection
	GlobalSection(ExtensibilityGlobals) = postSolution
		SolutionGuid = {BD89C56F-BDAC-46D2-9534-84890CCD243B}
	EndGlobalSection
EndGlobal
